
Microsoft Visual Studio Solution File, Format Version 12.00
# Visual Studio Version 17
VisualStudioVersion = 17.6.33829.357
MinimumVisualStudioVersion = 10.0.40219.1
Project("{FAE04EC0-301F-11D3-BF4B-00C04F79EFBC}") = "TocadorV3", "TocadorV3.csproj", "{227F4377-5296-4C78-AF89-50EEF6357FA6}"
EndProject
Global
	GlobalSection(SolutionConfigurationPlatforms) = preSolution
		Debug|Any CPU = Debug|Any CPU
		Release|Any CPU = Release|Any CPU
	EndGlobalSection
	GlobalSection(ProjectConfigurationPlatforms) = postSolution
		{227F4377-5296-4C78-AF89-50EEF6357FA6}.Debug|Any CPU.ActiveCfg = Debug|Any CPU
		{227F4377-5296-4C78-AF89-50EEF6357FA6}.Debug|Any CPU.Build.0 = Debug|Any CPU
		{227F4377-5296-4C78-AF89-50EEF6357FA6}.Release|Any CPU.ActiveCfg = Release|Any CPU
		{227F4377-5296-4C78-AF89-50EEF6357FA6}.Release|Any CPU.Build.0 = Release|Any CPU
	EndGlobalSection
	GlobalSection(SolutionProperties) = preSolution
		HideSolutionNode = FALSE
	EndGlobalSection
	GlobalSection(ExtensibilityGlobals) = postSolution
		SolutionGuid = {98B4248B-A2C4-4FE5-86A9-7BE01FE70672}
	EndGlobalSection
EndGlobal
